
Microsoft Visual Studio Solution File, Format Version 12.00
# Visual Studio Version 16
VisualStudioVersion = 16.0.28922.388
MinimumVisualStudioVersion = 10.0.40219.1
Project("{FAE04EC0-301F-11D3-BF4B-00C04F79EFBC}") = "Secao 14  herdar-vs-cumprir contrato", "Secao 14  herdar-vs-cumprir contrato\Secao 14  herdar-vs-cumprir contrato.csproj", "{7BF46046-E0D1-4025-BC8D-0323416C5529}"
EndProject
Global
	GlobalSection(SolutionConfigurationPlatforms) = preSolution
		Debug|Any CPU = Debug|Any CPU
		Release|Any CPU = Release|Any CPU
	EndGlobalSection
	GlobalSection(ProjectConfigurationPlatforms) = postSolution
		{7BF46046-E0D1-4025-BC8D-0323416C5529}.Debug|Any CPU.ActiveCfg = Debug|Any CPU
		{7BF46046-E0D1-4025-BC8D-0323416C5529}.Debug|Any CPU.Build.0 = Debug|Any CPU
		{7BF46046-E0D1-4025-BC8D-0323416C5529}.Release|Any CPU.ActiveCfg = Release|Any CPU
		{7BF46046-E0D1-4025-BC8D-0323416C5529}.Release|Any CPU.Build.0 = Release|Any CPU
	EndGlobalSection
	GlobalSection(SolutionProperties) = preSolution
		HideSolutionNode = FALSE
	EndGlobalSection
	GlobalSection(ExtensibilityGlobals) = postSolution
		SolutionGuid = {2B8A0A83-4F4C-43B6-91AB-7F212D69FDEC}
	EndGlobalSection
EndGlobal
